
Microsoft Visual Studio Solution File, Format Version 12.00
# Visual Studio Version 16
VisualStudioVersion = 16.0.31613.86
MinimumVisualStudioVersion = 10.0.40219.1
Project("{FAE04EC0-301F-11D3-BF4B-00C04F79EFBC}") = "ConsoleUI", "ConsoleUI\ConsoleUI.csproj", "{DD4C1CA6-EB95-4133-B21B-99EFD44D51D8}"
EndProject
Project("{FAE04EC0-301F-11D3-BF4B-00C04F79EFBC}") = "Logic", "Logic\Logic.csproj", "{854F63E4-080F-4061-BFB6-AE924AD43363}"
EndProject
Global
	GlobalSection(SolutionConfigurationPlatforms) = preSolution
		Debug|Any CPU = Debug|Any CPU
		Release|Any CPU = Release|Any CPU
	EndGlobalSection
	GlobalSection(ProjectConfigurationPlatforms) = postSolution
		{DD4C1CA6-EB95-4133-B21B-99EFD44D51D8}.Debug|Any CPU.ActiveCfg = Debug|Any CPU
		{DD4C1CA6-EB95-4133-B21B-99EFD44D51D8}.Debug|Any CPU.Build.0 = Debug|Any CPU
		{DD4C1CA6-EB95-4133-B21B-99EFD44D51D8}.Release|Any CPU.ActiveCfg = Release|Any CPU
		{DD4C1CA6-EB95-4133-B21B-99EFD44D51D8}.Release|Any CPU.Build.0 = Release|Any CPU
		{854F63E4-080F-4061-BFB6-AE924AD43363}.Debug|Any CPU.ActiveCfg = Debug|Any CPU
		{854F63E4-080F-4061-BFB6-AE924AD43363}.Debug|Any CPU.Build.0 = Debug|Any CPU
		{854F63E4-080F-4061-BFB6-AE924AD43363}.Release|Any CPU.ActiveCfg = Release|Any CPU
		{854F63E4-080F-4061-BFB6-AE924AD43363}.Release|Any CPU.Build.0 = Release|Any CPU
	EndGlobalSection
	GlobalSection(SolutionProperties) = preSolution
		HideSolutionNode = FALSE
	EndGlobalSection
	GlobalSection(ExtensibilityGlobals) = postSolution
		SolutionGuid = {C8E394CC-7847-4895-B252-30157303E256}
	EndGlobalSection
EndGlobal
